{
  "name": "oopsie-daisy",
  "version": "1.0.0",
  "description": "Oopsie Daisy — lightweight web project (renamed).",
  "author": "Sam Irian Villaluna <you@example.com>",
  "license": "MIT",
  "repository": {
    "type": "git",
    "url": "https://github.com/yourname/oopsie-daisy.git"
  },
  "homepage": "https://github.com/yourname/oopsie-daisy#readme",
  "bugs": {
    "url": "https://github.com/yourname/oopsie-daisy/issues"
  },
  "lockfileVersion": 3,
  "requires": true,
  "packages": {}
}
